
Microsoft Visual Studio Solution File, Format Version 12.00
# Visual Studio Version 16
VisualStudioVersion = 16.0.29326.143
MinimumVisualStudioVersion = 10.0.40219.1
Project("{8BC9CEB8-8B4A-11D0-8D11-00A0C91BC942}") = "RepeatWordDetection", "RepeatWordDetection\RepeatWordDetection.vcxproj", "{0875B054-755C-4B84-A801-357BB1B6D089}"
EndProject
Global
	GlobalSection(SolutionConfigurationPlatforms) = preSolution
		Debug|x64 = Debug|x64
		Debug|x86 = Debug|x86
		Release|x64 = Release|x64
		Release|x86 = Release|x86
	EndGlobalSection
	GlobalSection(ProjectConfigurationPlatforms) = postSolution
		{0875B054-755C-4B84-A801-357BB1B6D089}.Debug|x64.ActiveCfg = Debug|x64
		{0875B054-755C-4B84-A801-357BB1B6D089}.Debug|x64.Build.0 = Debug|x64
		{0875B054-755C-4B84-A801-357BB1B6D089}.Debug|x86.ActiveCfg = Debug|Win32
		{0875B054-755C-4B84-A801-357BB1B6D089}.Debug|x86.Build.0 = Debug|Win32
		{0875B054-755C-4B84-A801-357BB1B6D089}.Release|x64.ActiveCfg = Release|x64
		{0875B054-755C-4B84-A801-357BB1B6D089}.Release|x64.Build.0 = Release|x64
		{0875B054-755C-4B84-A801-357BB1B6D089}.Release|x86.ActiveCfg = Release|Win32
		{0875B054-755C-4B84-A801-357BB1B6D089}.Release|x86.Build.0 = Release|Win32
	EndGlobalSection
	GlobalSection(SolutionProperties) = preSolution
		HideSolutionNode = FALSE
	EndGlobalSection
	GlobalSection(ExtensibilityGlobals) = postSolution
		SolutionGuid = {17484879-AB61-4E2B-B179-51C505A0EEE9}
	EndGlobalSection
EndGlobal
