
Microsoft Visual Studio Solution File, Format Version 12.00
# Visual Studio Version 16
VisualStudioVersion = 16.0.30611.23
MinimumVisualStudioVersion = 10.0.40219.1
Project("{8BC9CEB8-8B4A-11D0-8D11-00A0C91BC942}") = "Calculator08Buggy", "Calculator08Buggy\Calculator08Buggy.vcxproj", "{7A12D805-7898-4475-9271-A095F8A1C51F}"
EndProject
Global
	GlobalSection(SolutionConfigurationPlatforms) = preSolution
		Debug|x64 = Debug|x64
		Debug|x86 = Debug|x86
		Release|x64 = Release|x64
		Release|x86 = Release|x86
	EndGlobalSection
	GlobalSection(ProjectConfigurationPlatforms) = postSolution
		{7A12D805-7898-4475-9271-A095F8A1C51F}.Debug|x64.ActiveCfg = Debug|x64
		{7A12D805-7898-4475-9271-A095F8A1C51F}.Debug|x64.Build.0 = Debug|x64
		{7A12D805-7898-4475-9271-A095F8A1C51F}.Debug|x86.ActiveCfg = Debug|Win32
		{7A12D805-7898-4475-9271-A095F8A1C51F}.Debug|x86.Build.0 = Debug|Win32
		{7A12D805-7898-4475-9271-A095F8A1C51F}.Release|x64.ActiveCfg = Release|x64
		{7A12D805-7898-4475-9271-A095F8A1C51F}.Release|x64.Build.0 = Release|x64
		{7A12D805-7898-4475-9271-A095F8A1C51F}.Release|x86.ActiveCfg = Release|Win32
		{7A12D805-7898-4475-9271-A095F8A1C51F}.Release|x86.Build.0 = Release|Win32
	EndGlobalSection
	GlobalSection(SolutionProperties) = preSolution
		HideSolutionNode = FALSE
	EndGlobalSection
	GlobalSection(ExtensibilityGlobals) = postSolution
		SolutionGuid = {A5BFBA83-8173-422E-91D4-B1CF22BC6D20}
	EndGlobalSection
EndGlobal
